
Microsoft Visual Studio Solution File, Format Version 12.00
# Visual Studio Version 16
VisualStudioVersion = 16.0.29409.12
MinimumVisualStudioVersion = 10.0.40219.1
Project("{FAE04EC0-301F-11D3-BF4B-00C04F79EFBC}") = "Taktivite.BL", "Taktivite.BL\Taktivite.BL.csproj", "{CC156224-D08E-4BDB-92CA-E1AE4BC8B58D}"
EndProject
Project("{FAE04EC0-301F-11D3-BF4B-00C04F79EFBC}") = "Taktivite.DAL", "Taktivite.DAL\Taktivite.DAL.csproj", "{9CCB4B51-D999-4916-91A7-B4053456728E}"
EndProject
Project("{FAE04EC0-301F-11D3-BF4B-00C04F79EFBC}") = "Taktivite.Entity", "Taktivite.Entity\Taktivite.Entity.csproj", "{44FD2899-5792-4E87-91E2-ABD404F7EBA9}"
EndProject
Project("{FAE04EC0-301F-11D3-BF4B-00C04F79EFBC}") = "EtkinlikUI", "EtkinlikUI\EtkinlikUI.csproj", "{239456D0-E077-4917-9C2F-B7E5C553B409}"
EndProject
Project("{9092AA53-FB77-4645-B42D-1CCCA6BD08BD}") = "REST", "REST\REST.njsproj", "{A5842B1D-D0B9-4BB2-8F67-023BAB2F1664}"
EndProject
Global
	GlobalSection(SolutionConfigurationPlatforms) = preSolution
		Debug|Any CPU = Debug|Any CPU
		Release|Any CPU = Release|Any CPU
	EndGlobalSection
	GlobalSection(ProjectConfigurationPlatforms) = postSolution
		{CC156224-D08E-4BDB-92CA-E1AE4BC8B58D}.Debug|Any CPU.ActiveCfg = Debug|Any CPU
		{CC156224-D08E-4BDB-92CA-E1AE4BC8B58D}.Debug|Any CPU.Build.0 = Debug|Any CPU
		{CC156224-D08E-4BDB-92CA-E1AE4BC8B58D}.Release|Any CPU.ActiveCfg = Release|Any CPU
		{CC156224-D08E-4BDB-92CA-E1AE4BC8B58D}.Release|Any CPU.Build.0 = Release|Any CPU
		{9CCB4B51-D999-4916-91A7-B4053456728E}.Debug|Any CPU.ActiveCfg = Debug|Any CPU
		{9CCB4B51-D999-4916-91A7-B4053456728E}.Debug|Any CPU.Build.0 = Debug|Any CPU
		{9CCB4B51-D999-4916-91A7-B4053456728E}.Release|Any CPU.ActiveCfg = Release|Any CPU
		{9CCB4B51-D999-4916-91A7-B4053456728E}.Release|Any CPU.Build.0 = Release|Any CPU
		{44FD2899-5792-4E87-91E2-ABD404F7EBA9}.Debug|Any CPU.ActiveCfg = Debug|Any CPU
		{44FD2899-5792-4E87-91E2-ABD404F7EBA9}.Debug|Any CPU.Build.0 = Debug|Any CPU
		{44FD2899-5792-4E87-91E2-ABD404F7EBA9}.Release|Any CPU.ActiveCfg = Release|Any CPU
		{44FD2899-5792-4E87-91E2-ABD404F7EBA9}.Release|Any CPU.Build.0 = Release|Any CPU
		{239456D0-E077-4917-9C2F-B7E5C553B409}.Debug|Any CPU.ActiveCfg = Debug|Any CPU
		{239456D0-E077-4917-9C2F-B7E5C553B409}.Debug|Any CPU.Build.0 = Debug|Any CPU
		{239456D0-E077-4917-9C2F-B7E5C553B409}.Release|Any CPU.ActiveCfg = Release|Any CPU
		{239456D0-E077-4917-9C2F-B7E5C553B409}.Release|Any CPU.Build.0 = Release|Any CPU
		{A5842B1D-D0B9-4BB2-8F67-023BAB2F1664}.Debug|Any CPU.ActiveCfg = Debug|Any CPU
		{A5842B1D-D0B9-4BB2-8F67-023BAB2F1664}.Debug|Any CPU.Build.0 = Debug|Any CPU
		{A5842B1D-D0B9-4BB2-8F67-023BAB2F1664}.Release|Any CPU.ActiveCfg = Release|Any CPU
		{A5842B1D-D0B9-4BB2-8F67-023BAB2F1664}.Release|Any CPU.Build.0 = Release|Any CPU
	EndGlobalSection
	GlobalSection(SolutionProperties) = preSolution
		HideSolutionNode = FALSE
	EndGlobalSection
	GlobalSection(ExtensibilityGlobals) = postSolution
		SolutionGuid = {F6D30EAA-21C4-4DF2-BFA7-294DA8E0F5A6}
	EndGlobalSection
EndGlobal
